
Microsoft Visual Studio Solution File, Format Version 12.00
# Visual Studio Version 16
VisualStudioVersion = 16.0.31515.178
MinimumVisualStudioVersion = 10.0.40219.1
Project("{9A19103F-16F7-4668-BE54-9A1E7A4F7556}") = "Database", "Database\Database.csproj", "{8D52BE15-7661-4CEF-91B2-527A1917E013}"
EndProject
Project("{9A19103F-16F7-4668-BE54-9A1E7A4F7556}") = "Manager", "Manager\Manager.csproj", "{2397D835-3109-4E13-8516-94FD24705101}"
EndProject
Project("{9A19103F-16F7-4668-BE54-9A1E7A4F7556}") = "GUI", "GUI\GUI.csproj", "{BCBC7C74-9291-46CB-9DBC-193CE7993ED2}"
EndProject
Project("{FAE04EC0-301F-11D3-BF4B-00C04F79EFBC}") = "FlightManagerTests", "FlightManagerTests\FlightManagerTests.csproj", "{90ACBFB9-1635-4300-AE69-605BC974050A}"
EndProject
Global
	GlobalSection(SolutionConfigurationPlatforms) = preSolution
		Debug|Any CPU = Debug|Any CPU
		Release|Any CPU = Release|Any CPU
	EndGlobalSection
	GlobalSection(ProjectConfigurationPlatforms) = postSolution
		{8D52BE15-7661-4CEF-91B2-527A1917E013}.Debug|Any CPU.ActiveCfg = Debug|Any CPU
		{8D52BE15-7661-4CEF-91B2-527A1917E013}.Debug|Any CPU.Build.0 = Debug|Any CPU
		{8D52BE15-7661-4CEF-91B2-527A1917E013}.Release|Any CPU.ActiveCfg = Release|Any CPU
		{8D52BE15-7661-4CEF-91B2-527A1917E013}.Release|Any CPU.Build.0 = Release|Any CPU
		{2397D835-3109-4E13-8516-94FD24705101}.Debug|Any CPU.ActiveCfg = Debug|Any CPU
		{2397D835-3109-4E13-8516-94FD24705101}.Debug|Any CPU.Build.0 = Debug|Any CPU
		{2397D835-3109-4E13-8516-94FD24705101}.Release|Any CPU.ActiveCfg = Release|Any CPU
		{2397D835-3109-4E13-8516-94FD24705101}.Release|Any CPU.Build.0 = Release|Any CPU
		{BCBC7C74-9291-46CB-9DBC-193CE7993ED2}.Debug|Any CPU.ActiveCfg = Debug|Any CPU
		{BCBC7C74-9291-46CB-9DBC-193CE7993ED2}.Debug|Any CPU.Build.0 = Debug|Any CPU
		{BCBC7C74-9291-46CB-9DBC-193CE7993ED2}.Release|Any CPU.ActiveCfg = Release|Any CPU
		{BCBC7C74-9291-46CB-9DBC-193CE7993ED2}.Release|Any CPU.Build.0 = Release|Any CPU
		{90ACBFB9-1635-4300-AE69-605BC974050A}.Debug|Any CPU.ActiveCfg = Debug|Any CPU
		{90ACBFB9-1635-4300-AE69-605BC974050A}.Debug|Any CPU.Build.0 = Debug|Any CPU
		{90ACBFB9-1635-4300-AE69-605BC974050A}.Release|Any CPU.ActiveCfg = Release|Any CPU
		{90ACBFB9-1635-4300-AE69-605BC974050A}.Release|Any CPU.Build.0 = Release|Any CPU
	EndGlobalSection
	GlobalSection(SolutionProperties) = preSolution
		HideSolutionNode = FALSE
	EndGlobalSection
	GlobalSection(ExtensibilityGlobals) = postSolution
		SolutionGuid = {29064A2B-A13D-4FAA-9301-CA4009FD37AE}
	EndGlobalSection
EndGlobal
